<?xml version="1.0" encoding="utf-8"?>
<Project ToolsVersion="4.0" xmlns="http://schemas.microsoft.com/developer/msbuild/2003">
  <ItemGroup>
    <Filter Include="源文件">
      <UniqueIdentifier>{4FC737F1-C7A5-4376-A066-2A32D752A2FF}</UniqueIdentifier>
      <Extensions>cpp;c;cc;cxx;def;odl;idl;hpj;bat;asm;asmx</Extensions>
    </Filter>
    <Filter Include="头文件">
      <UniqueIdentifier>{93995380-89BD-4b04-88EB-625FBE52EBFB}</UniqueIdentifier>
      <Extensions>h;hh;hpp;hxx;hm;inl;inc;xsd</Extensions>
    </Filter>
    <Filter Include="资源文件">
      <UniqueIdentifier>{67DA6AB6-F800-4c08-8B7A-83BB121AAD01}</UniqueIdentifier>
      <Extensions>rc;ico;cur;bmp;dlg;rc2;rct;bin;rgs;gif;jpg;jpeg;jpe;resx;tiff;tif;png;wav;mfcribbon-ms</Extensions>
    </Filter>
    <Filter Include="头文件\RandomForest">
      <UniqueIdentifier>{05d2d9ac-2446-4fb1-a64c-f6f698c89951}</UniqueIdentifier>
    </Filter>
    <Filter Include="源文件\RandomForest">
      <UniqueIdentifier>{914709b5-cfa2-4d5d-bfe6-c2e9d25c48e7}</UniqueIdentifier>
    </Filter>
    <Filter Include="头文件\Liblinear">
      <UniqueIdentifier>{7990a06c-b031-4e77-8548-c4fd02feff3d}</UniqueIdentifier>
    </Filter>
  </ItemGroup>
  <ItemGroup>
    <ClCompile Include="FgLBFTrain.cpp">
      <Filter>源文件</Filter>
    </ClCompile>
    <ClCompile Include="FgLBFUtil.cpp">
      <Filter>源文件</Filter>
    </ClCompile>
    <ClCompile Include="FgLBFRegressor.cpp">
      <Filter>源文件</Filter>
    </ClCompile>
    <ClCompile Include="RandomForest\FgLBFNode.cpp">
      <Filter>源文件\RandomForest</Filter>
    </ClCompile>
    <ClCompile Include="RandomForest\FgLBFRandomForest.cpp">
      <Filter>源文件\RandomForest</Filter>
    </ClCompile>
    <ClCompile Include="Main.cpp">
      <Filter>源文件</Filter>
    </ClCompile>
  </ItemGroup>
  <ItemGroup>
    <ClInclude Include="FgLBFTrain.h">
      <Filter>头文件</Filter>
    </ClInclude>
    <ClInclude Include="FgLBFUtil.h">
      <Filter>头文件</Filter>
    </ClInclude>
    <ClInclude Include="FgLBFRegressor.h">
      <Filter>头文件</Filter>
    </ClInclude>
    <ClInclude Include="RandomForest\FgLBFNode.h">
      <Filter>头文件\RandomForest</Filter>
    </ClInclude>
    <ClInclude Include="RandomForest\FgLBFRandomForest.h">
      <Filter>头文件\RandomForest</Filter>
    </ClInclude>
    <ClInclude Include="..\Liblinear\inc\linear.h">
      <Filter>头文件\Liblinear</Filter>
    </ClInclude>
  </ItemGroup>
</Project>